{
  "originHash" : "a939e2df648873754a5eb22cab2a059d14e73c368bacb94f8e7cbab9c32e7640",
  "pins" : [
    {
      "identity" : "aitoolkit",
      "kind" : "remoteSourceControl",
      "location" : "https://github.com/PangJiaxin0326/AIToolKit.git",
      "state" : {
        "branch" : "main",
        "revision" : "2939b5e8fb2c76c2a78b4f862a7336e52cc0fa23"
      }
    }
  ],
  "version" : 3
}
